
Microsoft Visual Studio Solution File, Format Version 12.00
# Visual Studio Version 17
VisualStudioVersion = 17.5.002.0
MinimumVisualStudioVersion = 10.0.40219.1
Project("{2150E333-8FDC-42A3-9474-1A3956D46DE8}") = "Start", "Start", "{67F42622-295A-484F-ADCF-71AC289DBB04}"
EndProject
Project("{2150E333-8FDC-42A3-9474-1A3956D46DE8}") = "Files", "Files", "{26881F01-CE4F-47FB-8D42-41774AF15EEA}"
EndProject
Project("{9A19103F-16F7-4668-BE54-9A1E7A4F7556}") = "CreateFiles", "Start\Files\CreateFiles\CreateFiles.csproj", "{815FD0C3-5291-4EE0-8362-0B6AE7A9068E}"
EndProject
Project("{9A19103F-16F7-4668-BE54-9A1E7A4F7556}") = "Directories", "Start\Files\Directories\Directories.csproj", "{2B63FD0C-3DB4-4740-9903-AD33647E93EE}"
EndProject
Project("{9A19103F-16F7-4668-BE54-9A1E7A4F7556}") = "FileInfo", "Start\Files\FileInfo\FileInfo.csproj", "{5FF29B41-A392-4F38-ADA3-0544236349AE}"
EndProject
Project("{9A19103F-16F7-4668-BE54-9A1E7A4F7556}") = "ReadWriteFiles", "Start\Files\ReadWriteFiles\ReadWriteFiles.csproj", "{51FA8A93-7BE8-44C9-A1EE-5ACB6B18E285}"
EndProject
Project("{2150E333-8FDC-42A3-9474-1A3956D46DE8}") = "NumbersDates", "NumbersDates", "{1AF9AE6F-7651-4744-BD9D-085C8E69BB01}"
EndProject
Project("{9A19103F-16F7-4668-BE54-9A1E7A4F7556}") = "DateTimeClass", "Start\NumbersDates\DateTimeClass\DateTimeClass.csproj", "{8AB228DD-BCBC-4233-B9E1-607A34F5F61F}"
EndProject
Project("{9A19103F-16F7-4668-BE54-9A1E7A4F7556}") = "FormatDates", "Start\NumbersDates\FormatDates\FormatDates.csproj", "{53017097-5A7A-4CF6-B194-102E69C4314A}"
EndProject
Project("{9A19103F-16F7-4668-BE54-9A1E7A4F7556}") = "FormatNumbers", "Start\NumbersDates\FormatNumbers\FormatNumbers.csproj", "{7C8CAB50-6F9C-46FE-9654-5E5BA403A26F}"
EndProject
Project("{9A19103F-16F7-4668-BE54-9A1E7A4F7556}") = "ParseDates", "Start\NumbersDates\ParseDates\ParseDates.csproj", "{EF6405A5-B66C-4A0A-9845-06F4E72D2DB9}"
EndProject
Project("{9A19103F-16F7-4668-BE54-9A1E7A4F7556}") = "ParseNumbers", "Start\NumbersDates\ParseNumbers\ParseNumbers.csproj", "{DE5F2DFD-658F-4537-9141-DD92BE492262}"
EndProject
Project("{2150E333-8FDC-42A3-9474-1A3956D46DE8}") = "Overview", "Overview", "{22E814D9-B16C-446B-BF5A-21FDEEA4C85E}"
EndProject
Project("{9A19103F-16F7-4668-BE54-9A1E7A4F7556}") = "DataTypes", "Start\Overview\DataTypes\DataTypes.csproj", "{353EDF45-EAA5-4C0B-BAB2-4FF58CBB48B7}"
EndProject
Project("{9A19103F-16F7-4668-BE54-9A1E7A4F7556}") = "GarbageCollect", "Start\Overview\GarbageCollect\GarbageCollect.csproj", "{BCF6D81D-8A46-4924-9E4E-485E8472B150}"
EndProject
Project("{9A19103F-16F7-4668-BE54-9A1E7A4F7556}") = "MyConsoleApp", "Start\Overview\MyConsoleApp\MyConsoleApp.csproj", "{25BE22FA-44E4-41FC-A906-D9596071C940}"
EndProject
Project("{2150E333-8FDC-42A3-9474-1A3956D46DE8}") = "Regex", "Regex", "{703C2BE2-7B6E-4B84-B69E-EBADFFFD68CE}"
EndProject
Project("{9A19103F-16F7-4668-BE54-9A1E7A4F7556}") = "Finding", "Start\Regex\Finding\Finding.csproj", "{297436A2-3E31-4206-8773-0D3138CB6AF7}"
EndProject
Project("{9A19103F-16F7-4668-BE54-9A1E7A4F7556}") = "Replacing", "Start\Regex\Replacing\Replacing.csproj", "{24326D92-A6BA-4501-B617-7879CBB86C3B}"
EndProject
Project("{9A19103F-16F7-4668-BE54-9A1E7A4F7556}") = "RegexTimeouts", "Start\Regex\Timeouts\RegexTimeouts.csproj", "{B29BCD43-F883-4587-B534-26F6E7D01B8A}"
EndProject
Project("{2150E333-8FDC-42A3-9474-1A3956D46DE8}") = "Strings", "Strings", "{B8F8CE7E-14D5-4DD6-9D51-3B84E0C9EA17}"
EndProject
Project("{9A19103F-16F7-4668-BE54-9A1E7A4F7556}") = "Formatting", "Start\Strings\Formatting\Formatting.csproj", "{5B6A3E83-B4C7-4B69-89B1-A7BA2B5D5121}"
EndProject
Project("{9A19103F-16F7-4668-BE54-9A1E7A4F7556}") = "Interpolation", "Start\Strings\Interpolation\Interpolation.csproj", "{3D6C1045-C01E-4561-A7BD-B652C1BEFD54}"
EndProject
Project("{9A19103F-16F7-4668-BE54-9A1E7A4F7556}") = "Manipulation", "Start\Strings\Manipulation\Manipulation.csproj", "{AB6DCF3B-28CE-4672-B8C2-33B126B0A40D}"
EndProject
Project("{9A19103F-16F7-4668-BE54-9A1E7A4F7556}") = "Searching", "Start\Strings\Searching\Searching.csproj", "{808C14F1-F570-46F5-8225-64C86E9407A3}"
EndProject
Global
	GlobalSection(SolutionConfigurationPlatforms) = preSolution
		Debug|Any CPU = Debug|Any CPU
		Release|Any CPU = Release|Any CPU
	EndGlobalSection
	GlobalSection(ProjectConfigurationPlatforms) = postSolution
		{815FD0C3-5291-4EE0-8362-0B6AE7A9068E}.Debug|Any CPU.ActiveCfg = Debug|Any CPU
		{815FD0C3-5291-4EE0-8362-0B6AE7A9068E}.Debug|Any CPU.Build.0 = Debug|Any CPU
		{815FD0C3-5291-4EE0-8362-0B6AE7A9068E}.Release|Any CPU.ActiveCfg = Release|Any CPU
		{815FD0C3-5291-4EE0-8362-0B6AE7A9068E}.Release|Any CPU.Build.0 = Release|Any CPU
		{2B63FD0C-3DB4-4740-9903-AD33647E93EE}.Debug|Any CPU.ActiveCfg = Debug|Any CPU
		{2B63FD0C-3DB4-4740-9903-AD33647E93EE}.Debug|Any CPU.Build.0 = Debug|Any CPU
		{2B63FD0C-3DB4-4740-9903-AD33647E93EE}.Release|Any CPU.ActiveCfg = Release|Any CPU
		{2B63FD0C-3DB4-4740-9903-AD33647E93EE}.Release|Any CPU.Build.0 = Release|Any CPU
		{5FF29B41-A392-4F38-ADA3-0544236349AE}.Debug|Any CPU.ActiveCfg = Debug|Any CPU
		{5FF29B41-A392-4F38-ADA3-0544236349AE}.Debug|Any CPU.Build.0 = Debug|Any CPU
		{5FF29B41-A392-4F38-ADA3-0544236349AE}.Release|Any CPU.ActiveCfg = Release|Any CPU
		{5FF29B41-A392-4F38-ADA3-0544236349AE}.Release|Any CPU.Build.0 = Release|Any CPU
		{51FA8A93-7BE8-44C9-A1EE-5ACB6B18E285}.Debug|Any CPU.ActiveCfg = Debug|Any CPU
		{51FA8A93-7BE8-44C9-A1EE-5ACB6B18E285}.Debug|Any CPU.Build.0 = Debug|Any CPU
		{51FA8A93-7BE8-44C9-A1EE-5ACB6B18E285}.Release|Any CPU.ActiveCfg = Release|Any CPU
		{51FA8A93-7BE8-44C9-A1EE-5ACB6B18E285}.Release|Any CPU.Build.0 = Release|Any CPU
		{8AB228DD-BCBC-4233-B9E1-607A34F5F61F}.Debug|Any CPU.ActiveCfg = Debug|Any CPU
		{8AB228DD-BCBC-4233-B9E1-607A34F5F61F}.Debug|Any CPU.Build.0 = Debug|Any CPU
		{8AB228DD-BCBC-4233-B9E1-607A34F5F61F}.Release|Any CPU.ActiveCfg = Release|Any CPU
		{8AB228DD-BCBC-4233-B9E1-607A34F5F61F}.Release|Any CPU.Build.0 = Release|Any CPU
		{53017097-5A7A-4CF6-B194-102E69C4314A}.Debug|Any CPU.ActiveCfg = Debug|Any CPU
		{53017097-5A7A-4CF6-B194-102E69C4314A}.Debug|Any CPU.Build.0 = Debug|Any CPU
		{53017097-5A7A-4CF6-B194-102E69C4314A}.Release|Any CPU.ActiveCfg = Release|Any CPU
		{53017097-5A7A-4CF6-B194-102E69C4314A}.Release|Any CPU.Build.0 = Release|Any CPU
		{7C8CAB50-6F9C-46FE-9654-5E5BA403A26F}.Debug|Any CPU.ActiveCfg = Debug|Any CPU
		{7C8CAB50-6F9C-46FE-9654-5E5BA403A26F}.Debug|Any CPU.Build.0 = Debug|Any CPU
		{7C8CAB50-6F9C-46FE-9654-5E5BA403A26F}.Release|Any CPU.ActiveCfg = Release|Any CPU
		{7C8CAB50-6F9C-46FE-9654-5E5BA403A26F}.Release|Any CPU.Build.0 = Release|Any CPU
		{EF6405A5-B66C-4A0A-9845-06F4E72D2DB9}.Debug|Any CPU.ActiveCfg = Debug|Any CPU
		{EF6405A5-B66C-4A0A-9845-06F4E72D2DB9}.Debug|Any CPU.Build.0 = Debug|Any CPU
		{EF6405A5-B66C-4A0A-9845-06F4E72D2DB9}.Release|Any CPU.ActiveCfg = Release|Any CPU
		{EF6405A5-B66C-4A0A-9845-06F4E72D2DB9}.Release|Any CPU.Build.0 = Release|Any CPU
		{DE5F2DFD-658F-4537-9141-DD92BE492262}.Debug|Any CPU.ActiveCfg = Debug|Any CPU
		{DE5F2DFD-658F-4537-9141-DD92BE492262}.Debug|Any CPU.Build.0 = Debug|Any CPU
		{DE5F2DFD-658F-4537-9141-DD92BE492262}.Release|Any CPU.ActiveCfg = Release|Any CPU
		{DE5F2DFD-658F-4537-9141-DD92BE492262}.Release|Any CPU.Build.0 = Release|Any CPU
		{353EDF45-EAA5-4C0B-BAB2-4FF58CBB48B7}.Debug|Any CPU.ActiveCfg = Debug|Any CPU
		{353EDF45-EAA5-4C0B-BAB2-4FF58CBB48B7}.Debug|Any CPU.Build.0 = Debug|Any CPU
		{353EDF45-EAA5-4C0B-BAB2-4FF58CBB48B7}.Release|Any CPU.ActiveCfg = Release|Any CPU
		{353EDF45-EAA5-4C0B-BAB2-4FF58CBB48B7}.Release|Any CPU.Build.0 = Release|Any CPU
		{BCF6D81D-8A46-4924-9E4E-485E8472B150}.Debug|Any CPU.ActiveCfg = Debug|Any CPU
		{BCF6D81D-8A46-4924-9E4E-485E8472B150}.Debug|Any CPU.Build.0 = Debug|Any CPU
		{BCF6D81D-8A46-4924-9E4E-485E8472B150}.Release|Any CPU.ActiveCfg = Release|Any CPU
		{BCF6D81D-8A46-4924-9E4E-485E8472B150}.Release|Any CPU.Build.0 = Release|Any CPU
		{25BE22FA-44E4-41FC-A906-D9596071C940}.Debug|Any CPU.ActiveCfg = Debug|Any CPU
		{25BE22FA-44E4-41FC-A906-D9596071C940}.Debug|Any CPU.Build.0 = Debug|Any CPU
		{25BE22FA-44E4-41FC-A906-D9596071C940}.Release|Any CPU.ActiveCfg = Release|Any CPU
		{25BE22FA-44E4-41FC-A906-D9596071C940}.Release|Any CPU.Build.0 = Release|Any CPU
		{297436A2-3E31-4206-8773-0D3138CB6AF7}.Debug|Any CPU.ActiveCfg = Debug|Any CPU
		{297436A2-3E31-4206-8773-0D3138CB6AF7}.Debug|Any CPU.Build.0 = Debug|Any CPU
		{297436A2-3E31-4206-8773-0D3138CB6AF7}.Release|Any CPU.ActiveCfg = Release|Any CPU
		{297436A2-3E31-4206-8773-0D3138CB6AF7}.Release|Any CPU.Build.0 = Release|Any CPU
		{24326D92-A6BA-4501-B617-7879CBB86C3B}.Debug|Any CPU.ActiveCfg = Debug|Any CPU
		{24326D92-A6BA-4501-B617-7879CBB86C3B}.Debug|Any CPU.Build.0 = Debug|Any CPU
		{24326D92-A6BA-4501-B617-7879CBB86C3B}.Release|Any CPU.ActiveCfg = Release|Any CPU
		{24326D92-A6BA-4501-B617-7879CBB86C3B}.Release|Any CPU.Build.0 = Release|Any CPU
		{B29BCD43-F883-4587-B534-26F6E7D01B8A}.Debug|Any CPU.ActiveCfg = Debug|Any CPU
		{B29BCD43-F883-4587-B534-26F6E7D01B8A}.Debug|Any CPU.Build.0 = Debug|Any CPU
		{B29BCD43-F883-4587-B534-26F6E7D01B8A}.Release|Any CPU.ActiveCfg = Release|Any CPU
		{B29BCD43-F883-4587-B534-26F6E7D01B8A}.Release|Any CPU.Build.0 = Release|Any CPU
		{5B6A3E83-B4C7-4B69-89B1-A7BA2B5D5121}.Debug|Any CPU.ActiveCfg = Debug|Any CPU
		{5B6A3E83-B4C7-4B69-89B1-A7BA2B5D5121}.Debug|Any CPU.Build.0 = Debug|Any CPU
		{5B6A3E83-B4C7-4B69-89B1-A7BA2B5D5121}.Release|Any CPU.ActiveCfg = Release|Any CPU
		{5B6A3E83-B4C7-4B69-89B1-A7BA2B5D5121}.Release|Any CPU.Build.0 = Release|Any CPU
		{3D6C1045-C01E-4561-A7BD-B652C1BEFD54}.Debug|Any CPU.ActiveCfg = Debug|Any CPU
		{3D6C1045-C01E-4561-A7BD-B652C1BEFD54}.Debug|Any CPU.Build.0 = Debug|Any CPU
		{3D6C1045-C01E-4561-A7BD-B652C1BEFD54}.Release|Any CPU.ActiveCfg = Release|Any CPU
		{3D6C1045-C01E-4561-A7BD-B652C1BEFD54}.Release|Any CPU.Build.0 = Release|Any CPU
		{AB6DCF3B-28CE-4672-B8C2-33B126B0A40D}.Debug|Any CPU.ActiveCfg = Debug|Any CPU
		{AB6DCF3B-28CE-4672-B8C2-33B126B0A40D}.Debug|Any CPU.Build.0 = Debug|Any CPU
		{AB6DCF3B-28CE-4672-B8C2-33B126B0A40D}.Release|Any CPU.ActiveCfg = Release|Any CPU
		{AB6DCF3B-28CE-4672-B8C2-33B126B0A40D}.Release|Any CPU.Build.0 = Release|Any CPU
		{808C14F1-F570-46F5-8225-64C86E9407A3}.Debug|Any CPU.ActiveCfg = Debug|Any CPU
		{808C14F1-F570-46F5-8225-64C86E9407A3}.Debug|Any CPU.Build.0 = Debug|Any CPU
		{808C14F1-F570-46F5-8225-64C86E9407A3}.Release|Any CPU.ActiveCfg = Release|Any CPU
		{808C14F1-F570-46F5-8225-64C86E9407A3}.Release|Any CPU.Build.0 = Release|Any CPU
	EndGlobalSection
	GlobalSection(SolutionProperties) = preSolution
		HideSolutionNode = FALSE
	EndGlobalSection
	GlobalSection(NestedProjects) = preSolution
		{26881F01-CE4F-47FB-8D42-41774AF15EEA} = {67F42622-295A-484F-ADCF-71AC289DBB04}
		{815FD0C3-5291-4EE0-8362-0B6AE7A9068E} = {26881F01-CE4F-47FB-8D42-41774AF15EEA}
		{2B63FD0C-3DB4-4740-9903-AD33647E93EE} = {26881F01-CE4F-47FB-8D42-41774AF15EEA}
		{5FF29B41-A392-4F38-ADA3-0544236349AE} = {26881F01-CE4F-47FB-8D42-41774AF15EEA}
		{51FA8A93-7BE8-44C9-A1EE-5ACB6B18E285} = {26881F01-CE4F-47FB-8D42-41774AF15EEA}
		{1AF9AE6F-7651-4744-BD9D-085C8E69BB01} = {67F42622-295A-484F-ADCF-71AC289DBB04}
		{8AB228DD-BCBC-4233-B9E1-607A34F5F61F} = {1AF9AE6F-7651-4744-BD9D-085C8E69BB01}
		{53017097-5A7A-4CF6-B194-102E69C4314A} = {1AF9AE6F-7651-4744-BD9D-085C8E69BB01}
		{7C8CAB50-6F9C-46FE-9654-5E5BA403A26F} = {1AF9AE6F-7651-4744-BD9D-085C8E69BB01}
		{EF6405A5-B66C-4A0A-9845-06F4E72D2DB9} = {1AF9AE6F-7651-4744-BD9D-085C8E69BB01}
		{DE5F2DFD-658F-4537-9141-DD92BE492262} = {1AF9AE6F-7651-4744-BD9D-085C8E69BB01}
		{22E814D9-B16C-446B-BF5A-21FDEEA4C85E} = {67F42622-295A-484F-ADCF-71AC289DBB04}
		{353EDF45-EAA5-4C0B-BAB2-4FF58CBB48B7} = {22E814D9-B16C-446B-BF5A-21FDEEA4C85E}
		{BCF6D81D-8A46-4924-9E4E-485E8472B150} = {22E814D9-B16C-446B-BF5A-21FDEEA4C85E}
		{25BE22FA-44E4-41FC-A906-D9596071C940} = {22E814D9-B16C-446B-BF5A-21FDEEA4C85E}
		{703C2BE2-7B6E-4B84-B69E-EBADFFFD68CE} = {67F42622-295A-484F-ADCF-71AC289DBB04}
		{297436A2-3E31-4206-8773-0D3138CB6AF7} = {703C2BE2-7B6E-4B84-B69E-EBADFFFD68CE}
		{24326D92-A6BA-4501-B617-7879CBB86C3B} = {703C2BE2-7B6E-4B84-B69E-EBADFFFD68CE}
		{B29BCD43-F883-4587-B534-26F6E7D01B8A} = {703C2BE2-7B6E-4B84-B69E-EBADFFFD68CE}
		{B8F8CE7E-14D5-4DD6-9D51-3B84E0C9EA17} = {67F42622-295A-484F-ADCF-71AC289DBB04}
		{5B6A3E83-B4C7-4B69-89B1-A7BA2B5D5121} = {B8F8CE7E-14D5-4DD6-9D51-3B84E0C9EA17}
		{3D6C1045-C01E-4561-A7BD-B652C1BEFD54} = {B8F8CE7E-14D5-4DD6-9D51-3B84E0C9EA17}
		{AB6DCF3B-28CE-4672-B8C2-33B126B0A40D} = {B8F8CE7E-14D5-4DD6-9D51-3B84E0C9EA17}
		{808C14F1-F570-46F5-8225-64C86E9407A3} = {B8F8CE7E-14D5-4DD6-9D51-3B84E0C9EA17}
	EndGlobalSection
	GlobalSection(ExtensibilityGlobals) = postSolution
		SolutionGuid = {5F00CA47-CA19-40B5-980F-41C5B634F66B}
	EndGlobalSection
EndGlobal
